
Microsoft Visual Studio Solution File, Format Version 12.00
# Visual Studio Version 17
VisualStudioVersion = 17.5.002.0
MinimumVisualStudioVersion = 10.0.40219.1
Project("{9A19103F-16F7-4668-BE54-9A1E7A4F7556}") = "Day01", "Day01\Day01.csproj", "{C32B816E-F43A-456C-BD04-3E996B1875A4}"
EndProject
Project("{FAE04EC0-301F-11D3-BF4B-00C04F79EFBC}") = "Day02", "Day02\Day02.csproj", "{56DDE153-4036-4464-BDE2-E4AB70AFE1EE}"
EndProject
Project("{FAE04EC0-301F-11D3-BF4B-00C04F79EFBC}") = "Day03", "Day03\Day03.csproj", "{1A5CF971-4DEC-4952-A940-6D29E327E25B}"
EndProject
Project("{FAE04EC0-301F-11D3-BF4B-00C04F79EFBC}") = "Day04", "Day04\Day04.csproj", "{02711AB5-E5B6-4A65-80A7-349246CF7714}"
EndProject
Global
	GlobalSection(SolutionConfigurationPlatforms) = preSolution
		Debug|Any CPU = Debug|Any CPU
		Release|Any CPU = Release|Any CPU
	EndGlobalSection
	GlobalSection(ProjectConfigurationPlatforms) = postSolution
		{C32B816E-F43A-456C-BD04-3E996B1875A4}.Debug|Any CPU.ActiveCfg = Debug|Any CPU
		{C32B816E-F43A-456C-BD04-3E996B1875A4}.Debug|Any CPU.Build.0 = Debug|Any CPU
		{C32B816E-F43A-456C-BD04-3E996B1875A4}.Release|Any CPU.ActiveCfg = Release|Any CPU
		{C32B816E-F43A-456C-BD04-3E996B1875A4}.Release|Any CPU.Build.0 = Release|Any CPU
		{56DDE153-4036-4464-BDE2-E4AB70AFE1EE}.Debug|Any CPU.ActiveCfg = Debug|Any CPU
		{56DDE153-4036-4464-BDE2-E4AB70AFE1EE}.Debug|Any CPU.Build.0 = Debug|Any CPU
		{56DDE153-4036-4464-BDE2-E4AB70AFE1EE}.Release|Any CPU.ActiveCfg = Release|Any CPU
		{56DDE153-4036-4464-BDE2-E4AB70AFE1EE}.Release|Any CPU.Build.0 = Release|Any CPU
		{1A5CF971-4DEC-4952-A940-6D29E327E25B}.Debug|Any CPU.ActiveCfg = Debug|Any CPU
		{1A5CF971-4DEC-4952-A940-6D29E327E25B}.Debug|Any CPU.Build.0 = Debug|Any CPU
		{1A5CF971-4DEC-4952-A940-6D29E327E25B}.Release|Any CPU.ActiveCfg = Release|Any CPU
		{1A5CF971-4DEC-4952-A940-6D29E327E25B}.Release|Any CPU.Build.0 = Release|Any CPU
		{02711AB5-E5B6-4A65-80A7-349246CF7714}.Debug|Any CPU.ActiveCfg = Debug|Any CPU
		{02711AB5-E5B6-4A65-80A7-349246CF7714}.Debug|Any CPU.Build.0 = Debug|Any CPU
		{02711AB5-E5B6-4A65-80A7-349246CF7714}.Release|Any CPU.ActiveCfg = Release|Any CPU
		{02711AB5-E5B6-4A65-80A7-349246CF7714}.Release|Any CPU.Build.0 = Release|Any CPU
	EndGlobalSection
	GlobalSection(SolutionProperties) = preSolution
		HideSolutionNode = FALSE
	EndGlobalSection
	GlobalSection(ExtensibilityGlobals) = postSolution
		SolutionGuid = {C179B62C-B2C9-495C-9529-218900A30EA2}
	EndGlobalSection
EndGlobal
