
Microsoft Visual Studio Solution File, Format Version 12.00
# Visual Studio Version 17
VisualStudioVersion = 17.5.002.0
MinimumVisualStudioVersion = 10.0.40219.1
Project("{9A19103F-16F7-4668-BE54-9A1E7A4F7556}") = "Benchmark", "Benchmark.csproj", "{0B5C0702-F1EA-4282-AAF0-0A934F8F9070}"
EndProject
Global
	GlobalSection(SolutionConfigurationPlatforms) = preSolution
		Debug|Any CPU = Debug|Any CPU
		Release|Any CPU = Release|Any CPU
	EndGlobalSection
	GlobalSection(ProjectConfigurationPlatforms) = postSolution
		{0B5C0702-F1EA-4282-AAF0-0A934F8F9070}.Debug|Any CPU.ActiveCfg = Debug|Any CPU
		{0B5C0702-F1EA-4282-AAF0-0A934F8F9070}.Debug|Any CPU.Build.0 = Debug|Any CPU
		{0B5C0702-F1EA-4282-AAF0-0A934F8F9070}.Release|Any CPU.ActiveCfg = Release|Any CPU
		{0B5C0702-F1EA-4282-AAF0-0A934F8F9070}.Release|Any CPU.Build.0 = Release|Any CPU
	EndGlobalSection
	GlobalSection(SolutionProperties) = preSolution
		HideSolutionNode = FALSE
	EndGlobalSection
	GlobalSection(ExtensibilityGlobals) = postSolution
		SolutionGuid = {B0E75F30-99C6-4BFB-A4D5-7052D243CA15}
	EndGlobalSection
EndGlobal
