
Microsoft Visual Studio Solution File, Format Version 12.00
# Visual Studio Version 17
VisualStudioVersion = 17.5.002.0
MinimumVisualStudioVersion = 10.0.40219.1
Project("{9A19103F-16F7-4668-BE54-9A1E7A4F7556}") = "NewThread", "NewThread.csproj", "{FA631DE9-3B64-4D33-BCC9-648EF1075A07}"
EndProject
Global
	GlobalSection(SolutionConfigurationPlatforms) = preSolution
		Debug|Any CPU = Debug|Any CPU
		Release|Any CPU = Release|Any CPU
	EndGlobalSection
	GlobalSection(ProjectConfigurationPlatforms) = postSolution
		{FA631DE9-3B64-4D33-BCC9-648EF1075A07}.Debug|Any CPU.ActiveCfg = Debug|Any CPU
		{FA631DE9-3B64-4D33-BCC9-648EF1075A07}.Debug|Any CPU.Build.0 = Debug|Any CPU
		{FA631DE9-3B64-4D33-BCC9-648EF1075A07}.Release|Any CPU.ActiveCfg = Release|Any CPU
		{FA631DE9-3B64-4D33-BCC9-648EF1075A07}.Release|Any CPU.Build.0 = Release|Any CPU
	EndGlobalSection
	GlobalSection(SolutionProperties) = preSolution
		HideSolutionNode = FALSE
	EndGlobalSection
	GlobalSection(ExtensibilityGlobals) = postSolution
		SolutionGuid = {E5A36DB0-B01D-4E13-9687-1ABB6E7ECAE9}
	EndGlobalSection
EndGlobal
