
Microsoft Visual Studio Solution File, Format Version 12.00
# Visual Studio Version 17
VisualStudioVersion = 17.5.002.0
MinimumVisualStudioVersion = 10.0.40219.1
Project("{9A19103F-16F7-4668-BE54-9A1E7A4F7556}") = "Practice", "Practice.csproj", "{AD592124-4E7A-4D93-9AE6-F2243A537754}"
EndProject
Global
	GlobalSection(SolutionConfigurationPlatforms) = preSolution
		Debug|Any CPU = Debug|Any CPU
		Release|Any CPU = Release|Any CPU
	EndGlobalSection
	GlobalSection(ProjectConfigurationPlatforms) = postSolution
		{AD592124-4E7A-4D93-9AE6-F2243A537754}.Debug|Any CPU.ActiveCfg = Debug|Any CPU
		{AD592124-4E7A-4D93-9AE6-F2243A537754}.Debug|Any CPU.Build.0 = Debug|Any CPU
		{AD592124-4E7A-4D93-9AE6-F2243A537754}.Release|Any CPU.ActiveCfg = Release|Any CPU
		{AD592124-4E7A-4D93-9AE6-F2243A537754}.Release|Any CPU.Build.0 = Release|Any CPU
	EndGlobalSection
	GlobalSection(SolutionProperties) = preSolution
		HideSolutionNode = FALSE
	EndGlobalSection
	GlobalSection(ExtensibilityGlobals) = postSolution
		SolutionGuid = {399AA9E4-F446-4143-9ECA-6146EC66BA12}
	EndGlobalSection
EndGlobal
