
Microsoft Visual Studio Solution File, Format Version 12.00
# Visual Studio Version 17
VisualStudioVersion = 17.5.002.0
MinimumVisualStudioVersion = 10.0.40219.1
Project("{9A19103F-16F7-4668-BE54-9A1E7A4F7556}") = "Collection", "Collection\Collection.csproj", "{2363BD0E-ABAC-46FD-A2F3-72376BE9E0F2}"
EndProject
Global
	GlobalSection(SolutionConfigurationPlatforms) = preSolution
		Debug|Any CPU = Debug|Any CPU
		Release|Any CPU = Release|Any CPU
	EndGlobalSection
	GlobalSection(ProjectConfigurationPlatforms) = postSolution
		{2363BD0E-ABAC-46FD-A2F3-72376BE9E0F2}.Debug|Any CPU.ActiveCfg = Debug|Any CPU
		{2363BD0E-ABAC-46FD-A2F3-72376BE9E0F2}.Debug|Any CPU.Build.0 = Debug|Any CPU
		{2363BD0E-ABAC-46FD-A2F3-72376BE9E0F2}.Release|Any CPU.ActiveCfg = Release|Any CPU
		{2363BD0E-ABAC-46FD-A2F3-72376BE9E0F2}.Release|Any CPU.Build.0 = Release|Any CPU
	EndGlobalSection
	GlobalSection(SolutionProperties) = preSolution
		HideSolutionNode = FALSE
	EndGlobalSection
	GlobalSection(ExtensibilityGlobals) = postSolution
		SolutionGuid = {ED712846-B262-4183-891C-FC13DBC87489}
	EndGlobalSection
EndGlobal
